
Microsoft Visual Studio Solution File, Format Version 12.00
# Visual Studio Version 17
VisualStudioVersion = 17.8.34309.116
MinimumVisualStudioVersion = 10.0.40219.1
Project("{FAE04EC0-301F-11D3-BF4B-00C04F79EFBC}") = "Lab02CRUDProduct", "Lab02CRUDProduct\Lab02CRUDProduct.csproj", "{4DBAB2D8-9F55-4A78-A16C-8DE19B945B44}"
EndProject
Global
	GlobalSection(SolutionConfigurationPlatforms) = preSolution
		Debug|Any CPU = Debug|Any CPU
		Release|Any CPU = Release|Any CPU
	EndGlobalSection
	GlobalSection(ProjectConfigurationPlatforms) = postSolution
		{4DBAB2D8-9F55-4A78-A16C-8DE19B945B44}.Debug|Any CPU.ActiveCfg = Debug|Any CPU
		{4DBAB2D8-9F55-4A78-A16C-8DE19B945B44}.Debug|Any CPU.Build.0 = Debug|Any CPU
		{4DBAB2D8-9F55-4A78-A16C-8DE19B945B44}.Release|Any CPU.ActiveCfg = Release|Any CPU
		{4DBAB2D8-9F55-4A78-A16C-8DE19B945B44}.Release|Any CPU.Build.0 = Release|Any CPU
	EndGlobalSection
	GlobalSection(SolutionProperties) = preSolution
		HideSolutionNode = FALSE
	EndGlobalSection
	GlobalSection(ExtensibilityGlobals) = postSolution
		SolutionGuid = {4391A380-F39F-48C0-A9B4-23B69956CF85}
	EndGlobalSection
EndGlobal
