
Microsoft Visual Studio Solution File, Format Version 12.00
# Visual Studio Version 17
VisualStudioVersion = 17.8.34309.116
MinimumVisualStudioVersion = 10.0.40219.1
Project("{FAE04EC0-301F-11D3-BF4B-00C04F79EFBC}") = "EFCoreLab", "EFCoreLab\EFCoreLab.csproj", "{A0F0C5E0-BE3A-4326-96D0-E9A19964A108}"
EndProject
Global
	GlobalSection(SolutionConfigurationPlatforms) = preSolution
		Debug|Any CPU = Debug|Any CPU
		Release|Any CPU = Release|Any CPU
	EndGlobalSection
	GlobalSection(ProjectConfigurationPlatforms) = postSolution
		{A0F0C5E0-BE3A-4326-96D0-E9A19964A108}.Debug|Any CPU.ActiveCfg = Debug|Any CPU
		{A0F0C5E0-BE3A-4326-96D0-E9A19964A108}.Debug|Any CPU.Build.0 = Debug|Any CPU
		{A0F0C5E0-BE3A-4326-96D0-E9A19964A108}.Release|Any CPU.ActiveCfg = Release|Any CPU
		{A0F0C5E0-BE3A-4326-96D0-E9A19964A108}.Release|Any CPU.Build.0 = Release|Any CPU
	EndGlobalSection
	GlobalSection(SolutionProperties) = preSolution
		HideSolutionNode = FALSE
	EndGlobalSection
	GlobalSection(ExtensibilityGlobals) = postSolution
		SolutionGuid = {3910B21D-2CD9-4AB2-A6EE-7085140BE4DC}
	EndGlobalSection
EndGlobal
